dependencies:
- name: mariadb-galera
  repository: https://charts.bitnami.com/bitnami
  version: 5.0.1
- name: redis
  repository: https://charts.bitnami.com/bitnami
  version: 3.2.1
- name: minio
  repository: https://helm.min.io/
  version: 8.0.2
- name: database
  repository: ""
  version: 0.1.0
- name: redis
  repository: ""
  version: 0.1.0
digest: sha256:b1a65219afbd33f4ef4016a2c5fb8256dce30ab2a5bcaa4f7b1eb4cc1c3d1a86
generated: "2020-11-17T11:47:24.545664+01:00"
